
Microsoft Visual Studio Solution File, Format Version 12.00
# Visual Studio Version 17
VisualStudioVersion = 17.9.34622.214
MinimumVisualStudioVersion = 10.0.40219.1
Project("{FAE04EC0-301F-11D3-BF4B-00C04F79EFBC}") = "FastReportWebApp", "FastReportWebApp\FastReportWebApp.csproj", "{B34B8598-5A08-4259-B02A-3CB870DC1EA5}"
EndProject
Project("{FAE04EC0-301F-11D3-BF4B-00C04F79EFBC}") = "FastReportLibrary", "FastReportLibrary\FastReportLibrary.csproj", "{72760871-6E60-4D96-8439-E03FE1E634BC}"
EndProject
Global
	GlobalSection(SolutionConfigurationPlatforms) = preSolution
		Debug|Any CPU = Debug|Any CPU
		Release|Any CPU = Release|Any CPU
	EndGlobalSection
	GlobalSection(ProjectConfigurationPlatforms) = postSolution
		{B34B8598-5A08-4259-B02A-3CB870DC1EA5}.Debug|Any CPU.ActiveCfg = Debug|Any CPU
		{B34B8598-5A08-4259-B02A-3CB870DC1EA5}.Debug|Any CPU.Build.0 = Debug|Any CPU
		{B34B8598-5A08-4259-B02A-3CB870DC1EA5}.Release|Any CPU.ActiveCfg = Release|Any CPU
		{B34B8598-5A08-4259-B02A-3CB870DC1EA5}.Release|Any CPU.Build.0 = Release|Any CPU
		{72760871-6E60-4D96-8439-E03FE1E634BC}.Debug|Any CPU.ActiveCfg = Debug|Any CPU
		{72760871-6E60-4D96-8439-E03FE1E634BC}.Debug|Any CPU.Build.0 = Debug|Any CPU
		{72760871-6E60-4D96-8439-E03FE1E634BC}.Release|Any CPU.ActiveCfg = Release|Any CPU
		{72760871-6E60-4D96-8439-E03FE1E634BC}.Release|Any CPU.Build.0 = Release|Any CPU
	EndGlobalSection
	GlobalSection(SolutionProperties) = preSolution
		HideSolutionNode = FALSE
	EndGlobalSection
	GlobalSection(ExtensibilityGlobals) = postSolution
		SolutionGuid = {7C8FE7B8-9164-4942-B6EC-A090D8A319F2}
	EndGlobalSection
EndGlobal
