
Microsoft Visual Studio Solution File, Format Version 12.00
# Visual Studio Version 17
VisualStudioVersion = 17.8.34601.278
MinimumVisualStudioVersion = 10.0.40219.1
Project("{9A19103F-16F7-4668-BE54-9A1E7A4F7556}") = "WebAppClient", "WebAppClient\WebAppClient.csproj", "{FD1A8965-F759-4C8C-B71C-E730CEDAED2D}"
EndProject
Project("{FAE04EC0-301F-11D3-BF4B-00C04F79EFBC}") = "IdentityServer", "IdentityServer\IdentityServer.csproj", "{C8C93147-017C-47CC-8F9F-222C4BF4C380}"
EndProject
Global
	GlobalSection(SolutionConfigurationPlatforms) = preSolution
		Debug|Any CPU = Debug|Any CPU
		Release|Any CPU = Release|Any CPU
	EndGlobalSection
	GlobalSection(ProjectConfigurationPlatforms) = postSolution
		{FD1A8965-F759-4C8C-B71C-E730CEDAED2D}.Debug|Any CPU.ActiveCfg = Debug|Any CPU
		{FD1A8965-F759-4C8C-B71C-E730CEDAED2D}.Debug|Any CPU.Build.0 = Debug|Any CPU
		{FD1A8965-F759-4C8C-B71C-E730CEDAED2D}.Release|Any CPU.ActiveCfg = Release|Any CPU
		{FD1A8965-F759-4C8C-B71C-E730CEDAED2D}.Release|Any CPU.Build.0 = Release|Any CPU
		{C8C93147-017C-47CC-8F9F-222C4BF4C380}.Debug|Any CPU.ActiveCfg = Debug|Any CPU
		{C8C93147-017C-47CC-8F9F-222C4BF4C380}.Debug|Any CPU.Build.0 = Debug|Any CPU
		{C8C93147-017C-47CC-8F9F-222C4BF4C380}.Release|Any CPU.ActiveCfg = Release|Any CPU
		{C8C93147-017C-47CC-8F9F-222C4BF4C380}.Release|Any CPU.Build.0 = Release|Any CPU
	EndGlobalSection
	GlobalSection(SolutionProperties) = preSolution
		HideSolutionNode = FALSE
	EndGlobalSection
	GlobalSection(ExtensibilityGlobals) = postSolution
		SolutionGuid = {0BE133FC-2942-4A98-8BBF-B18014ECFEFA}
	EndGlobalSection
EndGlobal
